
Microsoft Visual Studio Solution File, Format Version 12.00
# Visual Studio 15
VisualStudioVersion = 15.0.27703.2026
MinimumVisualStudioVersion = 10.0.40219.1
Project("{2150E333-8FDC-42A3-9474-1A3956D46DE8}") = "src", "src", "{2451E977-4C73-467E-B580-B053A70BAA76}"
EndProject
Project("{9A19103F-16F7-4668-BE54-9A1E7A4F7556}") = "ChannelAdam.Reflection", "src\ChannelAdam.Reflection\ChannelAdam.Reflection.csproj", "{F5477EC9-84D3-4467-8163-5CBB62980310}"
EndProject
Project("{2150E333-8FDC-42A3-9474-1A3956D46DE8}") = "Solution Items", "Solution Items", "{923F5E96-20EC-45EF-A835-B3A630FCD22E}"
	ProjectSection(SolutionItems) = preProject
		.gitignore = .gitignore
		GitVersion.yml = GitVersion.yml
		README.md = README.md
	EndProjectSection
EndProject
Global
	GlobalSection(SolutionConfigurationPlatforms) = preSolution
		Debug|Any CPU = Debug|Any CPU
		Release|Any CPU = Release|Any CPU
	EndGlobalSection
	GlobalSection(ProjectConfigurationPlatforms) = postSolution
		{F5477EC9-84D3-4467-8163-5CBB62980310}.Debug|Any CPU.ActiveCfg = Debug|Any CPU
		{F5477EC9-84D3-4467-8163-5CBB62980310}.Debug|Any CPU.Build.0 = Debug|Any CPU
		{F5477EC9-84D3-4467-8163-5CBB62980310}.Release|Any CPU.ActiveCfg = Release|Any CPU
		{F5477EC9-84D3-4467-8163-5CBB62980310}.Release|Any CPU.Build.0 = Release|Any CPU
	EndGlobalSection
	GlobalSection(SolutionProperties) = preSolution
		HideSolutionNode = FALSE
	EndGlobalSection
	GlobalSection(NestedProjects) = preSolution
		{F5477EC9-84D3-4467-8163-5CBB62980310} = {2451E977-4C73-467E-B580-B053A70BAA76}
	EndGlobalSection
	GlobalSection(ExtensibilityGlobals) = postSolution
		SolutionGuid = {4BEE50D8-45A7-44D4-8CB4-AD5868CF4F95}
	EndGlobalSection
EndGlobal
